
Microsoft Visual Studio Solution File, Format Version 12.00
# Visual Studio 15
VisualStudioVersion = 15.0.26430.16
MinimumVisualStudioVersion = 10.0.40219.1
Project("{FAE04EC0-301F-11D3-BF4B-00C04F79EFBC}") = "Luju.Learn.Auth.Oidc.WebApp", "Luju.Learn.Auth.Oidc.WebApp\Luju.Learn.Auth.Oidc.WebApp.csproj", "{555A086E-FAE0-4F05-AECC-811FB85ABB1D}"
EndProject
Project("{FAE04EC0-301F-11D3-BF4B-00C04F79EFBC}") = "Luju.Learn.Auth.Oidc.WebApi", "Luju.Learn.Auth.Oidc.WebApi\Luju.Learn.Auth.Oidc.WebApi.csproj", "{8A7097B7-080F-436F-B703-810829952D5F}"
EndProject
Global
	GlobalSection(SolutionConfigurationPlatforms) = preSolution
		Debug|Any CPU = Debug|Any CPU
		Release|Any CPU = Release|Any CPU
	EndGlobalSection
	GlobalSection(ProjectConfigurationPlatforms) = postSolution
		{555A086E-FAE0-4F05-AECC-811FB85ABB1D}.Debug|Any CPU.ActiveCfg = Debug|Any CPU
		{555A086E-FAE0-4F05-AECC-811FB85ABB1D}.Debug|Any CPU.Build.0 = Debug|Any CPU
		{555A086E-FAE0-4F05-AECC-811FB85ABB1D}.Release|Any CPU.ActiveCfg = Release|Any CPU
		{555A086E-FAE0-4F05-AECC-811FB85ABB1D}.Release|Any CPU.Build.0 = Release|Any CPU
		{8A7097B7-080F-436F-B703-810829952D5F}.Debug|Any CPU.ActiveCfg = Debug|Any CPU
		{8A7097B7-080F-436F-B703-810829952D5F}.Debug|Any CPU.Build.0 = Debug|Any CPU
		{8A7097B7-080F-436F-B703-810829952D5F}.Release|Any CPU.ActiveCfg = Release|Any CPU
		{8A7097B7-080F-436F-B703-810829952D5F}.Release|Any CPU.Build.0 = Release|Any CPU
	EndGlobalSection
	GlobalSection(SolutionProperties) = preSolution
		HideSolutionNode = FALSE
	EndGlobalSection
EndGlobal
