
Microsoft Visual Studio Solution File, Format Version 12.00
# Visual Studio 15
VisualStudioVersion = 15.0.26430.16
MinimumVisualStudioVersion = 10.0.40219.1
Project("{9A19103F-16F7-4668-BE54-9A1E7A4F7556}") = "Luju.Learn.Auth.Oidc.WebApp", "Luju.Learn.Auth.Oidc.WebApp\Luju.Learn.Auth.Oidc.WebApp.csproj", "{555A086E-FAE0-4F05-AECC-811FB85ABB1D}"
EndProject
Project("{9A19103F-16F7-4668-BE54-9A1E7A4F7556}") = "Luju.Learn.Auth.Oidc.WebApi", "Luju.Learn.Auth.Oidc.WebApi\Luju.Learn.Auth.Oidc.WebApi.csproj", "{8A7097B7-080F-436F-B703-810829952D5F}"
EndProject
Project("{2150E333-8FDC-42A3-9474-1A3956D46DE8}") = "Solution Items", "Solution Items", "{7306E0A7-A128-44E7-AAAD-7E92B9686BE0}"
	ProjectSection(SolutionItems) = preProject
		ReadMe.md = ReadMe.md
	EndProjectSection
EndProject
Global
	GlobalSection(SolutionConfigurationPlatforms) = preSolution
		Debug|Any CPU = Debug|Any CPU
		Release|Any CPU = Release|Any CPU
	EndGlobalSection
	GlobalSection(ProjectConfigurationPlatforms) = postSolution
		{555A086E-FAE0-4F05-AECC-811FB85ABB1D}.Debug|Any CPU.ActiveCfg = Debug|Any CPU
		{555A086E-FAE0-4F05-AECC-811FB85ABB1D}.Debug|Any CPU.Build.0 = Debug|Any CPU
		{555A086E-FAE0-4F05-AECC-811FB85ABB1D}.Release|Any CPU.ActiveCfg = Release|Any CPU
		{555A086E-FAE0-4F05-AECC-811FB85ABB1D}.Release|Any CPU.Build.0 = Release|Any CPU
		{8A7097B7-080F-436F-B703-810829952D5F}.Debug|Any CPU.ActiveCfg = Debug|Any CPU
		{8A7097B7-080F-436F-B703-810829952D5F}.Debug|Any CPU.Build.0 = Debug|Any CPU
		{8A7097B7-080F-436F-B703-810829952D5F}.Release|Any CPU.ActiveCfg = Release|Any CPU
		{8A7097B7-080F-436F-B703-810829952D5F}.Release|Any CPU.Build.0 = Release|Any CPU
	EndGlobalSection
	GlobalSection(SolutionProperties) = preSolution
		HideSolutionNode = FALSE
	EndGlobalSection
EndGlobal
